
Microsoft Visual Studio Solution File, Format Version 12.00
# Visual Studio Version 17
VisualStudioVersion = 17.5.002.0
MinimumVisualStudioVersion = 10.0.40219.1
Project("{9A19103F-16F7-4668-BE54-9A1E7A4F7556}") = "Products", "Products.csproj", "{693628EA-2E68-4BF7-B591-5B52BCCE621C}"
EndProject
Global
	GlobalSection(SolutionConfigurationPlatforms) = preSolution
		Debug|Any CPU = Debug|Any CPU
		Release|Any CPU = Release|Any CPU
	EndGlobalSection
	GlobalSection(ProjectConfigurationPlatforms) = postSolution
		{693628EA-2E68-4BF7-B591-5B52BCCE621C}.Debug|Any CPU.ActiveCfg = Debug|Any CPU
		{693628EA-2E68-4BF7-B591-5B52BCCE621C}.Debug|Any CPU.Build.0 = Debug|Any CPU
		{693628EA-2E68-4BF7-B591-5B52BCCE621C}.Release|Any CPU.ActiveCfg = Release|Any CPU
		{693628EA-2E68-4BF7-B591-5B52BCCE621C}.Release|Any CPU.Build.0 = Release|Any CPU
	EndGlobalSection
	GlobalSection(SolutionProperties) = preSolution
		HideSolutionNode = FALSE
	EndGlobalSection
	GlobalSection(ExtensibilityGlobals) = postSolution
		SolutionGuid = {9911BBCE-508C-400E-87E6-201944EA1E96}
	EndGlobalSection
EndGlobal
